// !$*UTF8*$!
{
	archiveVersion = 1;
	classes = {
	};
	objectVersion = 50;
	objects = {

/* Begin PBXBuildFile section */
		A06A04B82710749C003B33F6 /* TableViewController.swift in Sources */ = {isa = PBXBuildFile; fileRef = A06A04B72710749C003B33F6 /* TableViewController.swift */; };
		A08C11BF270EF015007D737A /* AppDelegate.swift in Sources */ = {isa = PBXBuildFile; fileRef = A08C11BE270EF015007D737A /* AppDelegate.swift */; };
		A08C11C1270EF015007D737A /* SceneDelegate.swift in Sources */ = {isa = PBXBuildFile; fileRef = A08C11C0270EF015007D737A /* SceneDelegate.swift */; };
		A08C11C3270EF015007D737A /* ViewController.swift in Sources */ = {isa = PBXBuildFile; fileRef = A08C11C2270EF015007D737A /* ViewController.swift */; };
		A08C11C6270EF015007D737A /* Main.storyboard in Resources */ = {isa = PBXBuildFile; fileRef = A08C11C4270EF015007D737A /* Main.storyboard */; };
		A08C11C8270EF016007D737A /* Assets.xcassets in Resources */ = {isa = PBXBuildFile; fileRef = A08C11C7270EF016007D737A /* Assets.xcassets */; };
		A08C11CB270EF016007D737A /* LaunchScreen.storyboard in Resources */ = {isa = PBXBuildFile; fileRef = A08C11C9270EF016007D737A /* LaunchScreen.storyboard */; };
		A08C11D3270EF1E7007D737A /* Model.swift in Sources */ = {isa = PBXBuildFile; fileRef = A08C11D2270EF1E7007D737A /* Model.swift */; };
		A08C11D5270EF5B5007D737A /* data.json in Resources */ = {isa = PBXBuildFile; fileRef = A08C11D4270EF5B5007D737A /* data.json */; };
/* End PBXBuildFile section */

/* Begin PBXFileReference section */
		A06A04B72710749C003B33F6 /* TableViewController.swift */ = {isa = PBXFileReference; lastKnownFileType = sourcecode.swift; path = TableViewController.swift; sourceTree = "<group>"; };
		A08C11BB270EF015007D737A /* json-pasing-test.app */ = {isa = PBXFileReference; explicitFileType = wrapper.application; includeInIndex = 0; path = "json-pasing-test.app"; sourceTree = BUILT_PRODUCTS_DIR; };
		A08C11BE270EF015007D737A /* AppDelegate.swift */ = {isa = PBXFileReference; lastKnownFileType = sourcecode.swift; path = AppDelegate.swift; sourceTree = "<group>"; };
		A08C11C0270EF015007D737A /* SceneDelegate.swift */ = {isa = PBXFileReference; lastKnownFileType = sourcecode.swift; path = SceneDelegate.swift; sourceTree = "<group>"; };
		A08C11C2270EF015007D737A /* ViewController.swift */ = {isa = PBXFileReference; lastKnownFileType = sourcecode.swift; path = ViewController.swift; sourceTree = "<group>"; };
		A08C11C5270EF015007D737A /* Base */ = {isa = PBXFileReference; lastKnownFileType = file.storyboard; name = Base; path = Base.lproj/Main.storyboard; sourceTree = "<group>"; };
		A08C11C7270EF016007D737A /* Assets.xcassets */ = {isa = PBXFileReference; lastKnownFileType = folder.assetcatalog; path = Assets.xcassets; sourceTree = "<group>"; };
		A08C11CA270EF016007D737A /* Base */ = {isa = PBXFileReference; lastKnownFileType = file.storyboard; name = Base; path = Base.lproj/LaunchScreen.storyboard; sourceTree = "<group>"; };
		A08C11CC270EF016007D737A /* Info.plist */ = {isa = PBXFileReference; lastKnownFileType = text.plist.xml; path = Info.plist; sourceTree = "<group>"; };
		A08C11D2270EF1E7007D737A /* Model.swift */ = {isa = PBXFileReference; lastKnownFileType = sourcecode.swift; path = Model.swift; sourceTree = "<group>"; };
		A08C11D4270EF5B5007D737A /* data.json */ = {isa = PBXFileReference; lastKnownFileType = text.json; path = data.json; sourceTree = "<group>"; };
/* End PBXFileReference section */

/* Begin PBXFrameworksBuildPhase section */
		A08C11B8270EF015007D737A /* Frameworks */ = {
			isa = PBXFrameworksBuildPhase;
			buildActionMask = 2147483647;
			files = (
			);
			runOnlyForDeploymentPostprocessing = 0;
		};
/* End PBXFrameworksBuildPhase section */

/* Begin PBXGroup section */
		A08C11B2270EF015007D737A = {
			isa = PBXGroup;
			children = (
				A08C11BD270EF015007D737A /* json-pasing-test */,
				A08C11BC270EF015007D737A /* Products */,
			);
			sourceTree = "<group>";
		};
		A08C11BC270EF015007D737A /* Products */ = {
			isa = PBXGroup;
			children = (
				A08C11BB270EF015007D737A /* json-pasing-test.app */,
			);
			name = Products;
			sourceTree = "<group>";
		};
		A08C11BD270EF015007D737A /* json-pasing-test */ = {
			isa = PBXGroup;
			children = (
				A08C11BE270EF015007D737A /* AppDelegate.swift */,
				A08C11C0270EF015007D737A /* SceneDelegate.swift */,
				A08C11C2270EF015007D737A /* ViewController.swift */,
				A06A04B72710749C003B33F6 /* TableViewController.swift */,
				A08C11D2270EF1E7007D737A /* Model.swift */,
				A08C11C4270EF015007D737A /* Main.storyboard */,
				A08C11C7270EF016007D737A /* Assets.xcassets */,
				A08C11C9270EF016007D737A /* LaunchScreen.storyboard */,
				A08C11CC270EF016007D737A /* Info.plist */,
				A08C11D4270EF5B5007D737A /* data.json */,
			);
			path = "json-pasing-test";
			sourceTree = "<group>";
		};
/* End PBXGroup section */

/* Begin PBXNativeTarget section */
		A08C11BA270EF015007D737A /* json-pasing-test */ = {
			isa = PBXNativeTarget;
			buildConfigurationList = A08C11CF270EF016007D737A /* Build configuration list for PBXNativeTarget "json-pasing-test" */;
			buildPhases = (
				A08C11B7270EF015007D737A /* Sources */,
				A08C11B8270EF015007D737A /* Frameworks */,
				A08C11B9270EF015007D737A /* Resources */,
			);
			buildRules = (
			);
			dependencies = (
			);
			name = "json-pasing-test";
			productName = "json-pasing-test";
			productReference = A08C11BB270EF015007D737A /* json-pasing-test.app */;
			productType = "com.apple.product-type.application";
		};
/* End PBXNativeTarget section */

/* Begin PBXProject section */
		A08C11B3270EF015007D737A /* Project object */ = {
			isa = PBXProject;
			attributes = {
				LastSwiftUpdateCheck = 1250;
				LastUpgradeCheck = 1250;
				TargetAttributes = {
					A08C11BA270EF015007D737A = {
						CreatedOnToolsVersion = 12.5.1;
					};
				};
			};
			buildConfigurationList = A08C11B6270EF015007D737A /* Build configuration list for PBXProject "json-pasing-test" */;
			compatibilityVersion = "Xcode 9.3";
			developmentRegion = en;
			hasScannedForEncodings = 0;
			knownRegions = (
				en,
				Base,
			);
			mainGroup = A08C11B2270EF015007D737A;
			productRefGroup = A08C11BC270EF015007D737A /* Products */;
			projectDirPath = "";
			projectRoot = "";
			targets = (
				A08C11BA270EF015007D737A /* json-pasing-test */,
			);
		};
/* End PBXProject section */

/* Begin PBXResourcesBuildPhase section */
		A08C11B9270EF015007D737A /* Resources */ = {
			isa = PBXResourcesBuildPhase;
			buildActionMask = 2147483647;
			files = (
				A08C11CB270EF016007D737A /* LaunchScreen.storyboard in Resources */,
				A08C11C8270EF016007D737A /* Assets.xcassets in Resources */,
				A08C11C6270EF015007D737A /* Main.storyboard in Resources */,
				A08C11D5270EF5B5007D737A /* data.json in Resources */,
			);
			runOnlyForDeploymentPostprocessing = 0;
		};
/* End PBXResourcesBuildPhase section */

/* Begin PBXSourcesBuildPhase section */
		A08C11B7270EF015007D737A /* Sources */ = {
			isa = PBXSourcesBuildPhase;
			buildActionMask = 2147483647;
			files = (
				A08C11C3270EF015007D737A /* ViewController.swift in Sources */,
				A08C11BF270EF015007D737A /* AppDelegate.swift in Sources */,
				A08C11C1270EF015007D737A /* SceneDelegate.swift in Sources */,
				A06A04B82710749C003B33F6 /* TableViewController.swift in Sources */,
				A08C11D3270EF1E7007D737A /* Model.swift in Sources */,
			);
			runOnlyForDeploymentPostprocessing = 0;
		};
/* End PBXSourcesBuildPhase section */

/* Begin PBXVariantGroup section */
		A08C11C4270EF015007D737A /* Main.storyboard */ = {
			isa = PBXVariantGroup;
			children = (
				A08C11C5270EF015007D737A /* Base */,
			);
			name = Main.storyboard;
			sourceTree = "<group>";
		};
		A08C11C9270EF016007D737A /* LaunchScreen.storyboard */ = {
			isa = PBXVariantGroup;
			children = (
				A08C11CA270EF016007D737A /* Base */,
			);
			name = LaunchScreen.storyboard;
			sourceTree = "<group>";
		};
/* End PBXVariantGroup section */

/* Begin XCBuildConfiguration section */
		A08C11CD270EF016007D737A /* Debug */ = {
			isa = XCBuildConfiguration;
			buildSettings = {
				ALWAYS_SEARCH_USER_PATHS = NO;
				CLANG_ANALYZER_NONNULL = YES;
				CLANG_ANALYZER_NUMBER_OBJECT_CONVERSION = YES_AGGRESSIVE;
				CLANG_CXX_LANGUAGE_STANDARD = "gnu++14";
				CLANG_CXX_LIBRARY = "libc++";
				CLANG_ENABLE_MODULES = YES;
				CLANG_ENABLE_OBJC_ARC = YES;
				CLANG_ENABLE_OBJC_WEAK = YES;
				CLANG_WARN_BLOCK_CAPTURE_AUTORELEASING = YES;
				CLANG_WARN_BOOL_CONVERSION = YES;
				CLANG_WARN_COMMA = YES;
				CLANG_WARN_CONSTANT_CONVERSION = YES;
				CLANG_WARN_DEPRECATED_OBJC_IMPLEMENTATIONS = YES;
				CLANG_WARN_DIRECT_OBJC_ISA_USAGE = YES_ERROR;
				CLANG_WARN_DOCUMENTATION_COMMENTS = YES;
				CLANG_WARN_EMPTY_BODY = YES;
				CLANG_WARN_ENUM_CONVERSION = YES;
				CLANG_WARN_INFINITE_RECURSION = YES;
				CLANG_WARN_INT_CONVERSION = YES;
				CLANG_WARN_NON_LITERAL_NULL_CONVERSION = YES;
				CLANG_WARN_OBJC_IMPLICIT_RETAIN_SELF = YES;
				CLANG_WARN_OBJC_LITERAL_CONVERSION = YES;
				CLANG_WARN_OBJC_ROOT_CLASS = YES_ERROR;
				CLANG_WARN_QUOTED_INCLUDE_IN_FRAMEWORK_HEADER = YES;
				CLANG_WARN_RANGE_LOOP_ANALYSIS = YES;
				CLANG_WARN_STRICT_PROTOTYPES = YES;
				CLANG_WARN_SUSPICIOUS_MOVE = YES;
				CLANG_WARN_UNGUARDED_AVAILABILITY = YES_AGGRESSIVE;
				CLANG_WARN_UNREACHABLE_CODE = YES;
				CLANG_WARN__DUPLICATE_METHOD_MATCH = YES;
				COPY_PHASE_STRIP = NO;
				DEBUG_INFORMATION_FORMAT = dwarf;
				ENABLE_STRICT_OBJC_MSGSEND = YES;
				ENABLE_TESTABILITY = YES;
				GCC_C_LANGUAGE_STANDARD = gnu11;
				GCC_DYNAMIC_NO_PIC = NO;
				GCC_NO_COMMON_BLOCKS = YES;
				GCC_OPTIMIZATION_LEVEL = 0;
				GCC_PREPROCESSOR_DEFINITIONS = (
					"DEBUG=1",
					"$(inherited)",
				);
				GCC_WARN_64_TO_32_BIT_CONVERSION = YES;
				GCC_WARN_ABOUT_RETURN_TYPE = YES_ERROR;
				GCC_WARN_UNDECLARED_SELECTOR = YES;
				GCC_WARN_UNINITIALIZED_AUTOS = YES_AGGRESSIVE;
				GCC_WARN_UNUSED_FUNCTION = YES;
				GCC_WARN_UNUSED_VARIABLE = YES;
				IPHONEOS_DEPLOYMENT_TARGET = 14.5;
				MTL_ENABLE_DEBUG_INFO = INCLUDE_SOURCE;
				MTL_FAST_MATH = YES;
				ONLY_ACTIVE_ARCH = YES;
				SDKROOT = iphoneos;
				SWIFT_ACTIVE_COMPILATION_CONDITIONS = DEBUG;
				SWIFT_OPTIMIZATION_LEVEL = "-Onone";
			};
			name = Debug;
		};
		A08C11CE270EF016007D737A /* Release */ = {
			isa = XCBuildConfiguration;
			buildSettings = {
				ALWAYS_SEARCH_USER_PATHS = NO;
				CLANG_ANALYZER_NONNULL = YES;
				CLANG_ANALYZER_NUMBER_OBJECT_CONVERSION = YES_AGGRESSIVE;
				CLANG_CXX_LANGUAGE_STANDARD = "gnu++14";
				CLANG_CXX_LIBRARY = "libc++";
				CLANG_ENABLE_MODULES = YES;
				CLANG_ENABLE_OBJC_ARC = YES;
				CLANG_ENABLE_OBJC_WEAK = YES;
				CLANG_WARN_BLOCK_CAPTURE_AUTORELEASING = YES;
				CLANG_WARN_BOOL_CONVERSION = YES;
				CLANG_WARN_COMMA = YES;
				CLANG_WARN_CONSTANT_CONVERSION = YES;
				CLANG_WARN_DEPRECATED_OBJC_IMPLEMENTATIONS = YES;
				CLANG_WARN_DIRECT_OBJC_ISA_USAGE = YES_ERROR;
				CLANG_WARN_DOCUMENTATION_COMMENTS = YES;
				CLANG_WARN_EMPTY_BODY = YES;
				CLANG_WARN_ENUM_CONVERSION = YES;
				CLANG_WARN_INFINITE_RECURSION = YES;
				CLANG_WARN_INT_CONVERSION = YES;
				CLANG_WARN_NON_LITERAL_NULL_CONVERSION = YES;
				CLANG_WARN_OBJC_IMPLICIT_RETAIN_SELF = YES;
				CLANG_WARN_OBJC_LITERAL_CONVERSION = YES;
				CLANG_WARN_OBJC_ROOT_CLASS = YES_ERROR;
				CLANG_WARN_QUOTED_INCLUDE_IN_FRAMEWORK_HEADER = YES;
				CLANG_WARN_RANGE_LOOP_ANALYSIS = YES;
				CLANG_WARN_STRICT_PROTOTYPES = YES;
				CLANG_WARN_SUSPICIOUS_MOVE = YES;
				CLANG_WARN_UNGUARDED_AVAILABILITY = YES_AGGRESSIVE;
				CLANG_WARN_UNREACHABLE_CODE = YES;
				CLANG_WARN__DUPLICATE_METHOD_MATCH = YES;
				COPY_PHASE_STRIP = NO;
				DEBUG_INFORMATION_FORMAT = "dwarf-with-dsym";
				ENABLE_NS_ASSERTIONS = NO;
				ENABLE_STRICT_OBJC_MSGSEND = YES;
				GCC_C_LANGUAGE_STANDARD = gnu11;
				GCC_NO_COMMON_BLOCKS = YES;
				GCC_WARN_64_TO_32_BIT_CONVERSION = YES;
				GCC_WARN_ABOUT_RETURN_TYPE = YES_ERROR;
				GCC_WARN_UNDECLARED_SELECTOR = YES;
				GCC_WARN_UNINITIALIZED_AUTOS = YES_AGGRESSIVE;
				GCC_WARN_UNUSED_FUNCTION = YES;
				GCC_WARN_UNUSED_VARIABLE = YES;
				IPHONEOS_DEPLOYMENT_TARGET = 14.5;
				MTL_ENABLE_DEBUG_INFO = NO;
				MTL_FAST_MATH = YES;
				SDKROOT = iphoneos;
				SWIFT_COMPILATION_MODE = wholemodule;
				SWIFT_OPTIMIZATION_LEVEL = "-O";
				VALIDATE_PRODUCT = YES;
			};
			name = Release;
		};
		A08C11D0270EF016007D737A /* Debug */ = {
			isa = XCBuildConfiguration;
			buildSettings = {
				ASSETCATALOG_COMPILER_APPICON_NAME = AppIcon;
				ASSETCATALOG_COMPILER_GLOBAL_ACCENT_COLOR_NAME = AccentColor;
				CODE_SIGN_STYLE = Automatic;
				INFOPLIST_FILE = "json-pasing-test/Info.plist";
				LD_RUNPATH_SEARCH_PATHS = (
					"$(inherited)",
					"@executable_path/Frameworks",
				);
				PRODUCT_BUNDLE_IDENTIFIER = "Vahtee-Boo.json-pasing-test";
				PRODUCT_NAME = "$(TARGET_NAME)";
				SWIFT_VERSION = 5.0;
				TARGETED_DEVICE_FAMILY = "1,2";
			};
			name = Debug;
		};
		A08C11D1270EF016007D737A /* Release */ = {
			isa = XCBuildConfiguration;
			buildSettings = {
				ASSETCATALOG_COMPILER_APPICON_NAME = AppIcon;
				ASSETCATALOG_COMPILER_GLOBAL_ACCENT_COLOR_NAME = AccentColor;
				CODE_SIGN_STYLE = Automatic;
				INFOPLIST_FILE = "json-pasing-test/Info.plist";
				LD_RUNPATH_SEARCH_PATHS = (
					"$(inherited)",
					"@executable_path/Frameworks",
				);
				PRODUCT_BUNDLE_IDENTIFIER = "Vahtee-Boo.json-pasing-test";
				PRODUCT_NAME = "$(TARGET_NAME)";
				SWIFT_VERSION = 5.0;
				TARGETED_DEVICE_FAMILY = "1,2";
			};
			name = Release;
		};
/* End XCBuildConfiguration section */

/* Begin XCConfigurationList section */
		A08C11B6270EF015007D737A /* Build configuration list for PBXProject "json-pasing-test" */ = {
			isa = XCConfigurationList;
			buildConfigurations = (
				A08C11CD270EF016007D737A /* Debug */,
				A08C11CE270EF016007D737A /* Release */,
			);
			defaultConfigurationIsVisible = 0;
			defaultConfigurationName = Release;
		};
		A08C11CF270EF016007D737A /* Build configuration list for PBXNativeTarget "json-pasing-test" */ = {
			isa = XCConfigurationList;
			buildConfigurations = (
				A08C11D0270EF016007D737A /* Debug */,
				A08C11D1270EF016007D737A /* Release */,
			);
			defaultConfigurationIsVisible = 0;
			defaultConfigurationName = Release;
		};
/* End XCConfigurationList section */
	};
	rootObject = A08C11B3270EF015007D737A /* Project object */;
}
